{
    "name": "mini-file-icons",
    "lockfileVersion": 2,
    "requires": true,
    "packages": {
        "": {
            "dependencies": {
                "minimist": "1.2.6",
                "svg2ttf": "6.0.3",
                "svgicons2svgfont": "15.0.1"
            }
        },
        "node_modules/@isaacs/cliui": {
            "version": "9.0.0",
            "resolved": "https://registry.npmjs.org/@isaacs/cliui/-/cliui-9.0.0.tgz",
            "integrity": "sha512-AokJm4tuBHillT+FpMtxQ60n8ObyXBatq7jD2/JA9dxbDDokKQm8KMht5ibGzLVU9IJDIKK4TPKgMHEYMn3lMg==",
            "engines": {
                "node": ">=18"
            }
        },
        "node_modules/@types/node": {
            "version": "25.3.0",
            "resolved": "https://registry.npmjs.org/@types/node/-/node-25.3.0.tgz",
            "integrity": "sha512-4K3bqJpXpqfg2XKGK9bpDTc6xO/xoUP/RBWS7AtRMug6zZFaRekiLzjVtAoZMquxoAbzBvy5nxQ7veS5eYzf8A==",
            "dependencies": {
                "undici-types": "~7.18.0"
            }
        },
        "node_modules/@types/sax": {
            "version": "1.2.7",
            "resolved": "https://registry.npmjs.org/@types/sax/-/sax-1.2.7.tgz",
            "integrity": "sha512-rO73L89PJxeYM3s3pPPjiPgVVcymqU490g0YO5n5By0k2Erzj6tay/4lr1CHAAU4JyOWd1rpQ8bCf6cZfHU96A==",
            "dependencies": {
                "@types/node": "*"
            }
        },
        "node_modules/@xmldom/xmldom": {
            "version": "0.7.5",
            "resolved": "https://registry.npmjs.org/@xmldom/xmldom/-/xmldom-0.7.5.tgz",
            "integrity": "sha512-V3BIhmY36fXZ1OtVcI9W+FxQqxVLsPKcNjWigIaa81dLC9IolJl5Mt4Cvhmr0flUnjSpTdrbMTSbXqYqV5dT6A==",
            "engines": {
                "node": ">=10.0.0"
            }
        },
        "node_modules/argparse": {
            "version": "2.0.1",
            "resolved": "https://registry.npmjs.org/argparse/-/argparse-2.0.1.tgz",
            "integrity": "sha512-8+9WqebbFzpX9OR+Wa6O29asIogeRMzcGtAINdpMHHyAg10f05aSFVBbcEqGf/PXw1EjAZ+q2/bEBg3DvurK3Q=="
        },
        "node_modules/balanced-match": {
            "version": "4.0.4",
            "resolved": "https://registry.npmjs.org/balanced-match/-/balanced-match-4.0.4.tgz",
            "integrity": "sha512-BLrgEcRTwX2o6gGxGOCNyMvGSp35YofuYzw9h1IMTRmKqttAZZVU67bdb9Pr2vUHA8+j3i2tJfjO6C6+4myGTA==",
            "engines": {
                "node": "18 || 20 || >=22"
            }
        },
        "node_modules/brace-expansion": {
            "version": "5.0.3",
            "resolved": "https://registry.npmjs.org/brace-expansion/-/brace-expansion-5.0.3.tgz",
            "integrity": "sha512-fy6KJm2RawA5RcHkLa1z/ScpBeA762UF9KmZQxwIbDtRJrgLzM10depAiEQ+CXYcoiqW1/m96OAAoke2nE9EeA==",
            "dependencies": {
                "balanced-match": "^4.0.2"
            },
            "engines": {
                "node": "18 || 20 || >=22"
            }
        },
        "node_modules/commander": {
            "version": "12.1.0",
            "resolved": "https://registry.npmjs.org/commander/-/commander-12.1.0.tgz",
            "integrity": "sha512-Vw8qHK3bZM9y/P10u3Vib8o/DdkvA2OtPtZvD871QKjy74Wj1WSKFILMPRPSdUSx5RFK1arlJzEtA4PkFgnbuA==",
            "engines": {
                "node": ">=18"
            }
        },
        "node_modules/cross-spawn": {
            "version": "7.0.6",
            "resolved": "https://registry.npmjs.org/cross-spawn/-/cross-spawn-7.0.6.tgz",
            "integrity": "sha512-uV2QOWP2nWzsy2aMp8aRibhi9dlzF5Hgh5SHaB9OiTGEyDTiJJyx0uy51QXdyWbtAHNua4XJzUKca3OzKUd3vA==",
            "dependencies": {
                "path-key": "^3.1.0",
                "shebang-command": "^2.0.0",
                "which": "^2.0.1"
            },
            "engines": {
                "node": ">= 8"
            }
        },
        "node_modules/cubic2quad": {
            "version": "1.2.1",
            "resolved": "https://registry.npmjs.org/cubic2quad/-/cubic2quad-1.2.1.tgz",
            "integrity": "sha512-wT5Y7mO8abrV16gnssKdmIhIbA9wSkeMzhh27jAguKrV82i24wER0vL5TGhUJ9dbJNDcigoRZ0IAHFEEEI4THQ=="
        },
        "node_modules/debug": {
            "version": "4.4.3",
            "resolved": "https://registry.npmjs.org/debug/-/debug-4.4.3.tgz",
            "integrity": "sha512-RGwwWnwQvkVfavKVt22FGLw+xYSdzARwm0ru6DhTVA3umU5hZc28V3kO4stgYryrTlLpuvgI9GiijltAjNbcqA==",
            "dependencies": {
                "ms": "^2.1.3"
            },
            "engines": {
                "node": ">=6.0"
            },
            "peerDependenciesMeta": {
                "supports-color": {
                    "optional": true
                }
            }
        },
        "node_modules/foreground-child": {
            "version": "3.3.1",
            "resolved": "https://registry.npmjs.org/foreground-child/-/foreground-child-3.3.1.tgz",
            "integrity": "sha512-gIXjKqtFuWEgzFRJA9WCQeSJLZDjgJUOMCMzxtvFq/37KojM1BFGufqsCy0r4qSQmYLsZYMeyRqzIWOMup03sw==",
            "dependencies": {
                "cross-spawn": "^7.0.6",
                "signal-exit": "^4.0.1"
            },
            "engines": {
                "node": ">=14"
            },
            "funding": {
                "url": "https://github.com/sponsors/isaacs"
            }
        },
        "node_modules/glob": {
            "version": "11.1.0",
            "resolved": "https://registry.npmjs.org/glob/-/glob-11.1.0.tgz",
            "integrity": "sha512-vuNwKSaKiqm7g0THUBu2x7ckSs3XJLXE+2ssL7/MfTGPLLcrJQ/4Uq1CjPTtO5cCIiRxqvN6Twy1qOwhL0Xjcw==",
            "deprecated": "Old versions of glob are not supported, and contain widely publicized security vulnerabilities, which have been fixed in the current version. Please update. Support for old versions may be purchased (at exorbitant rates) by contacting i@izs.me",
            "dependencies": {
                "foreground-child": "^3.3.1",
                "jackspeak": "^4.1.1",
                "minimatch": "^10.1.1",
                "minipass": "^7.1.2",
                "package-json-from-dist": "^1.0.0",
                "path-scurry": "^2.0.0"
            },
            "bin": {
                "glob": "dist/esm/bin.mjs"
            },
            "engines": {
                "node": "20 || >=22"
            },
            "funding": {
                "url": "https://github.com/sponsors/isaacs"
            }
        },
        "node_modules/isexe": {
            "version": "2.0.0",
            "resolved": "https://registry.npmjs.org/isexe/-/isexe-2.0.0.tgz",
            "integrity": "sha512-RHxMLp9lnKHGHRng9QFhRCMbYAcVpn69smSGcq3f36xjgVVWThj4qqLbTLlq7Ssj8B+fIQ1EuCEGI2lKsyQeIw=="
        },
        "node_modules/jackspeak": {
            "version": "4.2.3",
            "resolved": "https://registry.npmjs.org/jackspeak/-/jackspeak-4.2.3.tgz",
            "integrity": "sha512-ykkVRwrYvFm1nb2AJfKKYPr0emF6IiXDYUaFx4Zn9ZuIH7MrzEZ3sD5RlqGXNRpHtvUHJyOnCEFxOlNDtGo7wg==",
            "dependencies": {
                "@isaacs/cliui": "^9.0.0"
            },
            "engines": {
                "node": "20 || >=22"
            },
            "funding": {
                "url": "https://github.com/sponsors/isaacs"
            }
        },
        "node_modules/lodash": {
            "version": "4.17.21",
            "resolved": "https://registry.npmjs.org/lodash/-/lodash-4.17.21.tgz",
            "integrity": "sha512-v2kDEe57lecTulaDIuNTPy3Ry4gLGJ6Z1O3vE1krgXZNrsQ+LFTGHVxVjcXPs17LhbZVGedAJv8XZ1tvj5FvSg=="
        },
        "node_modules/lru-cache": {
            "version": "11.2.6",
            "resolved": "https://registry.npmjs.org/lru-cache/-/lru-cache-11.2.6.tgz",
            "integrity": "sha512-ESL2CrkS/2wTPfuend7Zhkzo2u0daGJ/A2VucJOgQ/C48S/zB8MMeMHSGKYpXhIjbPxfuezITkaBH1wqv00DDQ==",
            "engines": {
                "node": "20 || >=22"
            }
        },
        "node_modules/microbuffer": {
            "version": "1.0.0",
            "resolved": "https://registry.npmjs.org/microbuffer/-/microbuffer-1.0.0.tgz",
            "integrity": "sha1-izgy7UDIfVH0e7I0kTppinVtGdI="
        },
        "node_modules/minimatch": {
            "version": "10.2.2",
            "resolved": "https://registry.npmjs.org/minimatch/-/minimatch-10.2.2.tgz",
            "integrity": "sha512-+G4CpNBxa5MprY+04MbgOw1v7So6n5JY166pFi9KfYwT78fxScCeSNQSNzp6dpPSW2rONOps6Ocam1wFhCgoVw==",
            "dependencies": {
                "brace-expansion": "^5.0.2"
            },
            "engines": {
                "node": "18 || 20 || >=22"
            },
            "funding": {
                "url": "https://github.com/sponsors/isaacs"
            }
        },
        "node_modules/minimist": {
            "version": "1.2.6",
            "resolved": "https://registry.npmjs.org/minimist/-/minimist-1.2.6.tgz",
            "integrity": "sha512-Jsjnk4bw3YJqYzbdyBiNsPWHPfO++UGG749Cxs6peCu5Xg4nrena6OVxOYxrQTqww0Jmwt+Ref8rggumkTLz9Q=="
        },
        "node_modules/minipass": {
            "version": "7.1.3",
            "resolved": "https://registry.npmjs.org/minipass/-/minipass-7.1.3.tgz",
            "integrity": "sha512-tEBHqDnIoM/1rXME1zgka9g6Q2lcoCkxHLuc7ODJ5BxbP5d4c2Z5cGgtXAku59200Cx7diuHTOYfSBD8n6mm8A==",
            "engines": {
                "node": ">=16 || 14 >=14.17"
            }
        },
        "node_modules/ms": {
            "version": "2.1.3",
            "resolved": "https://registry.npmjs.org/ms/-/ms-2.1.3.tgz",
            "integrity": "sha512-6FlzubTLZG3J2a/NVCAleEhjzq5oxgHyaCU9yYXvcLsvoVaHJq/s5xXI6/XXP6tz7R9xAOtHnSO/tXtF3WRTlA=="
        },
        "node_modules/package-json-from-dist": {
            "version": "1.0.1",
            "resolved": "https://registry.npmjs.org/package-json-from-dist/-/package-json-from-dist-1.0.1.tgz",
            "integrity": "sha512-UEZIS3/by4OC8vL3P2dTXRETpebLI2NiI5vIrjaD/5UtrkFX/tNbwjTSRAGC/+7CAo2pIcBaRgWmcBBHcsaCIw=="
        },
        "node_modules/path-key": {
            "version": "3.1.1",
            "resolved": "https://registry.npmjs.org/path-key/-/path-key-3.1.1.tgz",
            "integrity": "sha512-ojmeN0qd+y0jszEtoY48r0Peq5dwMEkIlCOu6Q5f41lfkswXuKtYrhgoTpLnyIcHm24Uhqx+5Tqm2InSwLhE6Q==",
            "engines": {
                "node": ">=8"
            }
        },
        "node_modules/path-scurry": {
            "version": "2.0.2",
            "resolved": "https://registry.npmjs.org/path-scurry/-/path-scurry-2.0.2.tgz",
            "integrity": "sha512-3O/iVVsJAPsOnpwWIeD+d6z/7PmqApyQePUtCndjatj/9I5LylHvt5qluFaBT3I5h3r1ejfR056c+FCv+NnNXg==",
            "dependencies": {
                "lru-cache": "^11.0.0",
                "minipass": "^7.1.2"
            },
            "engines": {
                "node": "18 || 20 || >=22"
            },
            "funding": {
                "url": "https://github.com/sponsors/isaacs"
            }
        },
        "node_modules/sax": {
            "version": "1.4.4",
            "resolved": "https://registry.npmjs.org/sax/-/sax-1.4.4.tgz",
            "integrity": "sha512-1n3r/tGXO6b6VXMdFT54SHzT9ytu9yr7TaELowdYpMqY/Ao7EnlQGmAQ1+RatX7Tkkdm6hONI2owqNx2aZj5Sw==",
            "engines": {
                "node": ">=11.0.0"
            }
        },
        "node_modules/shebang-command": {
            "version": "2.0.0",
            "resolved": "https://registry.npmjs.org/shebang-command/-/shebang-command-2.0.0.tgz",
            "integrity": "sha512-kHxr2zZpYtdmrN1qDjrrX/Z1rR1kG8Dx+gkpK1G4eXmvXswmcE1hTWBWYUzlraYw1/yZp6YuDY77YtvbN0dmDA==",
            "dependencies": {
                "shebang-regex": "^3.0.0"
            },
            "engines": {
                "node": ">=8"
            }
        },
        "node_modules/shebang-regex": {
            "version": "3.0.0",
            "resolved": "https://registry.npmjs.org/shebang-regex/-/shebang-regex-3.0.0.tgz",
            "integrity": "sha512-7++dFhtcx3353uBaq8DDR4NuxBetBzC7ZQOhmTQInHEd6bSrXdiEyzCvG07Z44UYdLShWUyXt5M/yhz8ekcb1A==",
            "engines": {
                "node": ">=8"
            }
        },
        "node_modules/signal-exit": {
            "version": "4.1.0",
            "resolved": "https://registry.npmjs.org/signal-exit/-/signal-exit-4.1.0.tgz",
            "integrity": "sha512-bzyZ1e88w9O1iNJbKnOlvYTrWPDl46O1bG0D3XInv+9tkPrxrN8jUUTiFlDkkmKWgn1M6CfIA13SuGqOa9Korw==",
            "engines": {
                "node": ">=14"
            },
            "funding": {
                "url": "https://github.com/sponsors/isaacs"
            }
        },
        "node_modules/svg-pathdata": {
            "version": "7.2.0",
            "resolved": "https://registry.npmjs.org/svg-pathdata/-/svg-pathdata-7.2.0.tgz",
            "integrity": "sha512-qd+AxqMpfRrRQaWb2SrNFvn69cvl6piqY8TxhYl2Li1g4/LO5F9NJb5wI4vNwRryqgSgD43gYKLm/w3ag1bKvQ==",
            "engines": {
                "node": ">=20.11.1"
            }
        },
        "node_modules/svg2ttf": {
            "version": "6.0.3",
            "resolved": "https://registry.npmjs.org/svg2ttf/-/svg2ttf-6.0.3.tgz",
            "integrity": "sha512-CgqMyZrbOPpc+WqH7aga4JWkDPso23EgypLsbQ6gN3uoPWwwiLjXvzgrwGADBExvCRJrWFzAeK1bSoSpE7ixSQ==",
            "dependencies": {
                "@xmldom/xmldom": "^0.7.2",
                "argparse": "^2.0.1",
                "cubic2quad": "^1.2.1",
                "lodash": "^4.17.10",
                "microbuffer": "^1.0.0",
                "svgpath": "^2.1.5"
            },
            "bin": {
                "svg2ttf": "svg2ttf.js"
            }
        },
        "node_modules/svgicons2svgfont": {
            "version": "15.0.1",
            "resolved": "https://registry.npmjs.org/svgicons2svgfont/-/svgicons2svgfont-15.0.1.tgz",
            "integrity": "sha512-rE3BoIipD6DxBejPswalKRZZYA+7sy4miHqiHgXB0zI1xJD3gSCVrXh2R6Sdh9E4XDTxYp7gDxGW2W8DIBif/g==",
            "dependencies": {
                "@types/sax": "^1.2.7",
                "commander": "^12.1.0",
                "debug": "^4.3.6",
                "glob": "^11.0.0",
                "sax": "^1.4.1",
                "svg-pathdata": "^7.0.0",
                "transformation-matrix": "^3.0.0",
                "yerror": "^8.0.0"
            },
            "bin": {
                "svgicons2svgfont": "bin/svgicons2svgfont.js"
            },
            "engines": {
                "node": ">=20.11.1"
            }
        },
        "node_modules/svgpath": {
            "version": "2.3.1",
            "resolved": "https://registry.npmjs.org/svgpath/-/svgpath-2.3.1.tgz",
            "integrity": "sha512-wNz6lCoj+99GMoyU7SozTfPqiLHz6WcJYZ30Z+F4lF/gPtxWHBCpZ4DhoDI0+oZ0dObKyYsJdSPGbL2mJq/qCg=="
        },
        "node_modules/transformation-matrix": {
            "version": "3.1.0",
            "resolved": "https://registry.npmjs.org/transformation-matrix/-/transformation-matrix-3.1.0.tgz",
            "integrity": "sha512-oYubRWTi2tYFHAL2J8DLvPIqIYcYZ0fSOi2vmSy042Ho4jBW2ce6VP7QfD44t65WQz6bw5w1Pk22J7lcUpaTKA==",
            "funding": {
                "url": "https://github.com/sponsors/chrvadala"
            }
        },
        "node_modules/undici-types": {
            "version": "7.18.2",
            "resolved": "https://registry.npmjs.org/undici-types/-/undici-types-7.18.2.tgz",
            "integrity": "sha512-AsuCzffGHJybSaRrmr5eHr81mwJU3kjw6M+uprWvCXiNeN9SOGwQ3Jn8jb8m3Z6izVgknn1R0FTCEAP2QrLY/w=="
        },
        "node_modules/which": {
            "version": "2.0.2",
            "resolved": "https://registry.npmjs.org/which/-/which-2.0.2.tgz",
            "integrity": "sha512-BLI3Tl1TW3Pvl70l3yq3Y64i+awpwXqsGBYWkkqMtnbXgrMD+yj7rhW0kuEDxzJaYXGjEW5ogapKNMEKNMjibA==",
            "dependencies": {
                "isexe": "^2.0.0"
            },
            "bin": {
                "node-which": "bin/node-which"
            },
            "engines": {
                "node": ">= 8"
            }
        },
        "node_modules/yerror": {
            "version": "8.0.0",
            "resolved": "https://registry.npmjs.org/yerror/-/yerror-8.0.0.tgz",
            "integrity": "sha512-FemWD5/UqNm8ffj8oZIbjWXIF2KE0mZssggYpdaQkWDDgXBQ/35PNIxEuz6/YLn9o0kOxDBNJe8x8k9ljD7k/g==",
            "engines": {
                "node": ">=18.16.0"
            }
        }
    },
    "dependencies": {
        "@isaacs/cliui": {
            "version": "9.0.0",
            "resolved": "https://registry.npmjs.org/@isaacs/cliui/-/cliui-9.0.0.tgz",
            "integrity": "sha512-AokJm4tuBHillT+FpMtxQ60n8ObyXBatq7jD2/JA9dxbDDokKQm8KMht5ibGzLVU9IJDIKK4TPKgMHEYMn3lMg=="
        },
        "@types/node": {
            "version": "25.3.0",
            "resolved": "https://registry.npmjs.org/@types/node/-/node-25.3.0.tgz",
            "integrity": "sha512-4K3bqJpXpqfg2XKGK9bpDTc6xO/xoUP/RBWS7AtRMug6zZFaRekiLzjVtAoZMquxoAbzBvy5nxQ7veS5eYzf8A==",
            "requires": {
                "undici-types": "~7.18.0"
            }
        },
        "@types/sax": {
            "version": "1.2.7",
            "resolved": "https://registry.npmjs.org/@types/sax/-/sax-1.2.7.tgz",
            "integrity": "sha512-rO73L89PJxeYM3s3pPPjiPgVVcymqU490g0YO5n5By0k2Erzj6tay/4lr1CHAAU4JyOWd1rpQ8bCf6cZfHU96A==",
            "requires": {
                "@types/node": "*"
            }
        },
        "@xmldom/xmldom": {
            "version": "0.7.5",
            "resolved": "https://registry.npmjs.org/@xmldom/xmldom/-/xmldom-0.7.5.tgz",
            "integrity": "sha512-V3BIhmY36fXZ1OtVcI9W+FxQqxVLsPKcNjWigIaa81dLC9IolJl5Mt4Cvhmr0flUnjSpTdrbMTSbXqYqV5dT6A=="
        },
        "argparse": {
            "version": "2.0.1",
            "resolved": "https://registry.npmjs.org/argparse/-/argparse-2.0.1.tgz",
            "integrity": "sha512-8+9WqebbFzpX9OR+Wa6O29asIogeRMzcGtAINdpMHHyAg10f05aSFVBbcEqGf/PXw1EjAZ+q2/bEBg3DvurK3Q=="
        },
        "balanced-match": {
            "version": "4.0.4",
            "resolved": "https://registry.npmjs.org/balanced-match/-/balanced-match-4.0.4.tgz",
            "integrity": "sha512-BLrgEcRTwX2o6gGxGOCNyMvGSp35YofuYzw9h1IMTRmKqttAZZVU67bdb9Pr2vUHA8+j3i2tJfjO6C6+4myGTA=="
        },
        "brace-expansion": {
            "version": "5.0.3",
            "resolved": "https://registry.npmjs.org/brace-expansion/-/brace-expansion-5.0.3.tgz",
            "integrity": "sha512-fy6KJm2RawA5RcHkLa1z/ScpBeA762UF9KmZQxwIbDtRJrgLzM10depAiEQ+CXYcoiqW1/m96OAAoke2nE9EeA==",
            "requires": {
                "balanced-match": "^4.0.2"
            }
        },
        "commander": {
            "version": "12.1.0",
            "resolved": "https://registry.npmjs.org/commander/-/commander-12.1.0.tgz",
            "integrity": "sha512-Vw8qHK3bZM9y/P10u3Vib8o/DdkvA2OtPtZvD871QKjy74Wj1WSKFILMPRPSdUSx5RFK1arlJzEtA4PkFgnbuA=="
        },
        "cross-spawn": {
            "version": "7.0.6",
            "resolved": "https://registry.npmjs.org/cross-spawn/-/cross-spawn-7.0.6.tgz",
            "integrity": "sha512-uV2QOWP2nWzsy2aMp8aRibhi9dlzF5Hgh5SHaB9OiTGEyDTiJJyx0uy51QXdyWbtAHNua4XJzUKca3OzKUd3vA==",
            "requires": {
                "path-key": "^3.1.0",
                "shebang-command": "^2.0.0",
                "which": "^2.0.1"
            }
        },
        "cubic2quad": {
            "version": "1.2.1",
            "resolved": "https://registry.npmjs.org/cubic2quad/-/cubic2quad-1.2.1.tgz",
            "integrity": "sha512-wT5Y7mO8abrV16gnssKdmIhIbA9wSkeMzhh27jAguKrV82i24wER0vL5TGhUJ9dbJNDcigoRZ0IAHFEEEI4THQ=="
        },
        "debug": {
            "version": "4.4.3",
            "resolved": "https://registry.npmjs.org/debug/-/debug-4.4.3.tgz",
            "integrity": "sha512-RGwwWnwQvkVfavKVt22FGLw+xYSdzARwm0ru6DhTVA3umU5hZc28V3kO4stgYryrTlLpuvgI9GiijltAjNbcqA==",
            "requires": {
                "ms": "^2.1.3"
            }
        },
        "foreground-child": {
            "version": "3.3.1",
            "resolved": "https://registry.npmjs.org/foreground-child/-/foreground-child-3.3.1.tgz",
            "integrity": "sha512-gIXjKqtFuWEgzFRJA9WCQeSJLZDjgJUOMCMzxtvFq/37KojM1BFGufqsCy0r4qSQmYLsZYMeyRqzIWOMup03sw==",
            "requires": {
                "cross-spawn": "^7.0.6",
                "signal-exit": "^4.0.1"
            }
        },
        "glob": {
            "version": "11.1.0",
            "resolved": "https://registry.npmjs.org/glob/-/glob-11.1.0.tgz",
            "integrity": "sha512-vuNwKSaKiqm7g0THUBu2x7ckSs3XJLXE+2ssL7/MfTGPLLcrJQ/4Uq1CjPTtO5cCIiRxqvN6Twy1qOwhL0Xjcw==",
            "requires": {
                "foreground-child": "^3.3.1",
                "jackspeak": "^4.1.1",
                "minimatch": "^10.1.1",
                "minipass": "^7.1.2",
                "package-json-from-dist": "^1.0.0",
                "path-scurry": "^2.0.0"
            }
        },
        "isexe": {
            "version": "2.0.0",
            "resolved": "https://registry.npmjs.org/isexe/-/isexe-2.0.0.tgz",
            "integrity": "sha512-RHxMLp9lnKHGHRng9QFhRCMbYAcVpn69smSGcq3f36xjgVVWThj4qqLbTLlq7Ssj8B+fIQ1EuCEGI2lKsyQeIw=="
        },
        "jackspeak": {
            "version": "4.2.3",
            "resolved": "https://registry.npmjs.org/jackspeak/-/jackspeak-4.2.3.tgz",
            "integrity": "sha512-ykkVRwrYvFm1nb2AJfKKYPr0emF6IiXDYUaFx4Zn9ZuIH7MrzEZ3sD5RlqGXNRpHtvUHJyOnCEFxOlNDtGo7wg==",
            "requires": {
                "@isaacs/cliui": "^9.0.0"
            }
        },
        "lodash": {
            "version": "4.17.21",
            "resolved": "https://registry.npmjs.org/lodash/-/lodash-4.17.21.tgz",
            "integrity": "sha512-v2kDEe57lecTulaDIuNTPy3Ry4gLGJ6Z1O3vE1krgXZNrsQ+LFTGHVxVjcXPs17LhbZVGedAJv8XZ1tvj5FvSg=="
        },
        "lru-cache": {
            "version": "11.2.6",
            "resolved": "https://registry.npmjs.org/lru-cache/-/lru-cache-11.2.6.tgz",
            "integrity": "sha512-ESL2CrkS/2wTPfuend7Zhkzo2u0daGJ/A2VucJOgQ/C48S/zB8MMeMHSGKYpXhIjbPxfuezITkaBH1wqv00DDQ=="
        },
        "microbuffer": {
            "version": "1.0.0",
            "resolved": "https://registry.npmjs.org/microbuffer/-/microbuffer-1.0.0.tgz",
            "integrity": "sha1-izgy7UDIfVH0e7I0kTppinVtGdI="
        },
        "minimatch": {
            "version": "10.2.2",
            "resolved": "https://registry.npmjs.org/minimatch/-/minimatch-10.2.2.tgz",
            "integrity": "sha512-+G4CpNBxa5MprY+04MbgOw1v7So6n5JY166pFi9KfYwT78fxScCeSNQSNzp6dpPSW2rONOps6Ocam1wFhCgoVw==",
            "requires": {
                "brace-expansion": "^5.0.2"
            }
        },
        "minimist": {
            "version": "1.2.6",
            "resolved": "https://registry.npmjs.org/minimist/-/minimist-1.2.6.tgz",
            "integrity": "sha512-Jsjnk4bw3YJqYzbdyBiNsPWHPfO++UGG749Cxs6peCu5Xg4nrena6OVxOYxrQTqww0Jmwt+Ref8rggumkTLz9Q=="
        },
        "minipass": {
            "version": "7.1.3",
            "resolved": "https://registry.npmjs.org/minipass/-/minipass-7.1.3.tgz",
            "integrity": "sha512-tEBHqDnIoM/1rXME1zgka9g6Q2lcoCkxHLuc7ODJ5BxbP5d4c2Z5cGgtXAku59200Cx7diuHTOYfSBD8n6mm8A=="
        },
        "ms": {
            "version": "2.1.3",
            "resolved": "https://registry.npmjs.org/ms/-/ms-2.1.3.tgz",
            "integrity": "sha512-6FlzubTLZG3J2a/NVCAleEhjzq5oxgHyaCU9yYXvcLsvoVaHJq/s5xXI6/XXP6tz7R9xAOtHnSO/tXtF3WRTlA=="
        },
        "package-json-from-dist": {
            "version": "1.0.1",
            "resolved": "https://registry.npmjs.org/package-json-from-dist/-/package-json-from-dist-1.0.1.tgz",
            "integrity": "sha512-UEZIS3/by4OC8vL3P2dTXRETpebLI2NiI5vIrjaD/5UtrkFX/tNbwjTSRAGC/+7CAo2pIcBaRgWmcBBHcsaCIw=="
        },
        "path-key": {
            "version": "3.1.1",
            "resolved": "https://registry.npmjs.org/path-key/-/path-key-3.1.1.tgz",
            "integrity": "sha512-ojmeN0qd+y0jszEtoY48r0Peq5dwMEkIlCOu6Q5f41lfkswXuKtYrhgoTpLnyIcHm24Uhqx+5Tqm2InSwLhE6Q=="
        },
        "path-scurry": {
            "version": "2.0.2",
            "resolved": "https://registry.npmjs.org/path-scurry/-/path-scurry-2.0.2.tgz",
            "integrity": "sha512-3O/iVVsJAPsOnpwWIeD+d6z/7PmqApyQePUtCndjatj/9I5LylHvt5qluFaBT3I5h3r1ejfR056c+FCv+NnNXg==",
            "requires": {
                "lru-cache": "^11.0.0",
                "minipass": "^7.1.2"
            }
        },
        "sax": {
            "version": "1.4.4",
            "resolved": "https://registry.npmjs.org/sax/-/sax-1.4.4.tgz",
            "integrity": "sha512-1n3r/tGXO6b6VXMdFT54SHzT9ytu9yr7TaELowdYpMqY/Ao7EnlQGmAQ1+RatX7Tkkdm6hONI2owqNx2aZj5Sw=="
        },
        "shebang-command": {
            "version": "2.0.0",
            "resolved": "https://registry.npmjs.org/shebang-command/-/shebang-command-2.0.0.tgz",
            "integrity": "sha512-kHxr2zZpYtdmrN1qDjrrX/Z1rR1kG8Dx+gkpK1G4eXmvXswmcE1hTWBWYUzlraYw1/yZp6YuDY77YtvbN0dmDA==",
            "requires": {
                "shebang-regex": "^3.0.0"
            }
        },
        "shebang-regex": {
            "version": "3.0.0",
            "resolved": "https://registry.npmjs.org/shebang-regex/-/shebang-regex-3.0.0.tgz",
            "integrity": "sha512-7++dFhtcx3353uBaq8DDR4NuxBetBzC7ZQOhmTQInHEd6bSrXdiEyzCvG07Z44UYdLShWUyXt5M/yhz8ekcb1A=="
        },
        "signal-exit": {
            "version": "4.1.0",
            "resolved": "https://registry.npmjs.org/signal-exit/-/signal-exit-4.1.0.tgz",
            "integrity": "sha512-bzyZ1e88w9O1iNJbKnOlvYTrWPDl46O1bG0D3XInv+9tkPrxrN8jUUTiFlDkkmKWgn1M6CfIA13SuGqOa9Korw=="
        },
        "svg-pathdata": {
            "version": "7.2.0",
            "resolved": "https://registry.npmjs.org/svg-pathdata/-/svg-pathdata-7.2.0.tgz",
            "integrity": "sha512-qd+AxqMpfRrRQaWb2SrNFvn69cvl6piqY8TxhYl2Li1g4/LO5F9NJb5wI4vNwRryqgSgD43gYKLm/w3ag1bKvQ=="
        },
        "svg2ttf": {
            "version": "6.0.3",
            "resolved": "https://registry.npmjs.org/svg2ttf/-/svg2ttf-6.0.3.tgz",
            "integrity": "sha512-CgqMyZrbOPpc+WqH7aga4JWkDPso23EgypLsbQ6gN3uoPWwwiLjXvzgrwGADBExvCRJrWFzAeK1bSoSpE7ixSQ==",
            "requires": {
                "@xmldom/xmldom": "^0.7.2",
                "argparse": "^2.0.1",
                "cubic2quad": "^1.2.1",
                "lodash": "^4.17.10",
                "microbuffer": "^1.0.0",
                "svgpath": "^2.1.5"
            }
        },
        "svgicons2svgfont": {
            "version": "15.0.1",
            "resolved": "https://registry.npmjs.org/svgicons2svgfont/-/svgicons2svgfont-15.0.1.tgz",
            "integrity": "sha512-rE3BoIipD6DxBejPswalKRZZYA+7sy4miHqiHgXB0zI1xJD3gSCVrXh2R6Sdh9E4XDTxYp7gDxGW2W8DIBif/g==",
            "requires": {
                "@types/sax": "^1.2.7",
                "commander": "^12.1.0",
                "debug": "^4.3.6",
                "glob": "^11.0.0",
                "sax": "^1.4.1",
                "svg-pathdata": "^7.0.0",
                "transformation-matrix": "^3.0.0",
                "yerror": "^8.0.0"
            }
        },
        "svgpath": {
            "version": "2.3.1",
            "resolved": "https://registry.npmjs.org/svgpath/-/svgpath-2.3.1.tgz",
            "integrity": "sha512-wNz6lCoj+99GMoyU7SozTfPqiLHz6WcJYZ30Z+F4lF/gPtxWHBCpZ4DhoDI0+oZ0dObKyYsJdSPGbL2mJq/qCg=="
        },
        "transformation-matrix": {
            "version": "3.1.0",
            "resolved": "https://registry.npmjs.org/transformation-matrix/-/transformation-matrix-3.1.0.tgz",
            "integrity": "sha512-oYubRWTi2tYFHAL2J8DLvPIqIYcYZ0fSOi2vmSy042Ho4jBW2ce6VP7QfD44t65WQz6bw5w1Pk22J7lcUpaTKA=="
        },
        "undici-types": {
            "version": "7.18.2",
            "resolved": "https://registry.npmjs.org/undici-types/-/undici-types-7.18.2.tgz",
            "integrity": "sha512-AsuCzffGHJybSaRrmr5eHr81mwJU3kjw6M+uprWvCXiNeN9SOGwQ3Jn8jb8m3Z6izVgknn1R0FTCEAP2QrLY/w=="
        },
        "which": {
            "version": "2.0.2",
            "resolved": "https://registry.npmjs.org/which/-/which-2.0.2.tgz",
            "integrity": "sha512-BLI3Tl1TW3Pvl70l3yq3Y64i+awpwXqsGBYWkkqMtnbXgrMD+yj7rhW0kuEDxzJaYXGjEW5ogapKNMEKNMjibA==",
            "requires": {
                "isexe": "^2.0.0"
            }
        },
        "yerror": {
            "version": "8.0.0",
            "resolved": "https://registry.npmjs.org/yerror/-/yerror-8.0.0.tgz",
            "integrity": "sha512-FemWD5/UqNm8ffj8oZIbjWXIF2KE0mZssggYpdaQkWDDgXBQ/35PNIxEuz6/YLn9o0kOxDBNJe8x8k9ljD7k/g=="
        }
    }
}
